// !$*UTF8*$!
{
	archiveVersion = 1;
	classes = {
	};
	objectVersion = 77;
	objects = {

/* Begin PBXBuildFile section */
		084ABB85861850713D1DC9B7 /* StoryWrongAlertUITests.swift in Sources */ = {isa = PBXBuildFile; fileRef = 356DC5818CD5F5B57FC2C686 /* StoryWrongAlertUITests.swift */; };
		0C49FF4891983BB5C74A3AA5 /* OnboardingView.swift in Sources */ = {isa = PBXBuildFile; fileRef = DA7F99F7BE62095C9139DC4F /* OnboardingView.swift */; };
		0DDDF1606A48303FBD8F4791 /* WatchAddView.swift in Sources */ = {isa = PBXBuildFile; fileRef = 429C6ADA6478AB8FC7FF6653 /* WatchAddView.swift */; };
		17C126FE63EA438DFC4431AF /* NewStoriesProbeUITests.swift in Sources */ = {isa = PBXBuildFile; fileRef = 8CDD78B034F919B5AD3238D3 /* NewStoriesProbeUITests.swift */; };
		1822015E0AF551219B3525A9 /* Build13EnglishContentProbeUITests.swift in Sources */ = {isa = PBXBuildFile; fileRef = C53471A220F2E0AF7C10BBC1 /* Build13EnglishContentProbeUITests.swift */; };
		1CC75968EEE63A82B15FC49A /* ManualScreenshotsUITests.swift in Sources */ = {isa = PBXBuildFile; fileRef = A0BFEAC08C0B7E406D7598CB /* ManualScreenshotsUITests.swift */; };
		1D7134938206D59BCC6A8B4F /* PrivacyInfo.xcprivacy in Resources */ = {isa = PBXBuildFile; fileRef = E923AA22C691DC1AA25A7753 /* PrivacyInfo.xcprivacy */; };
		1E9B30E23E2C23A39A42443E /* ForgotPasswordView.swift in Sources */ = {isa = PBXBuildFile; fileRef = 2CB327477B63C862CF4C4BDF /* ForgotPasswordView.swift */; };
		1EDD7B92121E7A5AE73944D4 /* lessons.json in Resources */ = {isa = PBXBuildFile; fileRef = 41F2A5A0F50EE631AE332537 /* lessons.json */; };
		1F0F65794C6152C700A8BB98 /* TrackerView.swift in Sources */ = {isa = PBXBuildFile; fileRef = C35712FDED470F48C2A0DEAC /* TrackerView.swift */; };
		2600BD14A81B5B9FB8414D18 /* LegalView.swift in Sources */ = {isa = PBXBuildFile; fileRef = 06CC3F27E573CDCBAEB67CE5 /* LegalView.swift */; };
		2675D1D5E6FE72780E26C6D6 /* UpdateChecker.swift in Sources */ = {isa = PBXBuildFile; fileRef = 4308F2D9E35FBADE4AF01914 /* UpdateChecker.swift */; };
		287A34D4E4DF07FFED596D8A /* Assets.xcassets in Resources */ = {isa = PBXBuildFile; fileRef = 794DE158D71E2C44B6C92CD8 /* Assets.xcassets */; };
		2F2FDDE67545103B94865D76 /* Theme.swift in Sources */ = {isa = PBXBuildFile; fileRef = BABAFF6217EC65BC2FC171EA /* Theme.swift */; };
		37D50F07E5690CD915343241 /* Stories.swift in Sources */ = {isa = PBXBuildFile; fileRef = 086B86EEFD49449A07F3DA99 /* Stories.swift */; };
		38E31B3BC670D58176D7A773 /* V153ProbeUITests.swift in Sources */ = {isa = PBXBuildFile; fileRef = 455251A24C5EC3B52630A850 /* V153ProbeUITests.swift */; };
		3952CDC7DB0DED7F616BAE49 /* CustomCategoryTests.swift in Sources */ = {isa = PBXBuildFile; fileRef = 6801E489C249D9CA3CE73F11 /* CustomCategoryTests.swift */; };
		3F6D588F48F9CE1B8DA78AA5 /* V11SmokeUITests.swift in Sources */ = {isa = PBXBuildFile; fileRef = 8426D9EF5D90282736878D2C /* V11SmokeUITests.swift */; };
		4466260C110CD521C5571149 /* AuthView.swift in Sources */ = {isa = PBXBuildFile; fileRef = DD1246E39990390A20BC9B9A /* AuthView.swift */; };
		475EEDF9A239AA387F10DB22 /* stories.json in Resources */ = {isa = PBXBuildFile; fileRef = 8987DDEDDFA31A9140706008 /* stories.json */; };
		4766A935AE7599242CC8A82B /* StoriesDataTests.swift in Sources */ = {isa = PBXBuildFile; fileRef = 64FB73FEF96886609FCF9D18 /* StoriesDataTests.swift */; };
		4BD5B33226C9406DBC807DFF /* BlitzTests.swift in Sources */ = {isa = PBXBuildFile; fileRef = 5BED6EA06193E81430DE5479 /* BlitzTests.swift */; };
		5317190862D74EC80D8352D5 /* PixelArt.swift in Sources */ = {isa = PBXBuildFile; fileRef = 5B27166D2A1185543E0CDDA9 /* PixelArt.swift */; };
		54625E98D61839AF49D71DED /* CustomCategories.swift in Sources */ = {isa = PBXBuildFile; fileRef = 1B31D09D46F76C2AF6080733 /* CustomCategories.swift */; };
		55217E38CBAD6F9FA8BFB392 /* SceneArtUITests.swift in Sources */ = {isa = PBXBuildFile; fileRef = 0FBA81EC46A06E0C83DDC53E /* SceneArtUITests.swift */; };
		55A79EBA6120AF9912FE948C /* FeedbackView.swift in Sources */ = {isa = PBXBuildFile; fileRef = 59E6305298343D4E0184491E /* FeedbackView.swift */; };
		5AE94BAB5926BDC3685360D2 /* EngagementPrompt.swift in Sources */ = {isa = PBXBuildFile; fileRef = 45CB70D3CEA29F96726EBAAA /* EngagementPrompt.swift */; };
		5B0F57426532FC6DE1140E18 /* SiteScreenshotsENUITests.swift in Sources */ = {isa = PBXBuildFile; fileRef = 30E28412D16C4F4B9719BE7C /* SiteScreenshotsENUITests.swift */; };
		6EA63568517E165570EB24C9 /* Reminder.swift in Sources */ = {isa = PBXBuildFile; fileRef = 87BA808525E5AF91B50F6C00 /* Reminder.swift */; };
		743626B539B64AB3BD829FD1 /* Build13RetestUITests.swift in Sources */ = {isa = PBXBuildFile; fileRef = 75368C41319B0354ED4CEFBB /* Build13RetestUITests.swift */; };
		764C519960193D9824AF25D3 /* StoryVerdictTests.swift in Sources */ = {isa = PBXBuildFile; fileRef = AA1D22F73B304E8BEB9CC6C9 /* StoryVerdictTests.swift */; };
		76ECEE54D5EB78B0C20D76C8 /* MainView.swift in Sources */ = {isa = PBXBuildFile; fileRef = 580C6AF9335FC3A4784D7FE0 /* MainView.swift */; };
		77F19557CFFA16F550D24ADC /* AppStore.swift in Sources */ = {isa = PBXBuildFile; fileRef = 4700651E2770E76ADA27D2F9 /* AppStore.swift */; };
		81F26117C6323461F29E09C3 /* CustomCategoryUITests.swift in Sources */ = {isa = PBXBuildFile; fileRef = 4DC11E9F91977FE782A35300 /* CustomCategoryUITests.swift */; };
		86473B7A25E8A0F3A0D1B5ED /* L10n.swift in Sources */ = {isa = PBXBuildFile; fileRef = D2F2F10151DF065055DEE86F /* L10n.swift */; };
		86F8BFEFFB86C4CB29ABD0DF /* StoryView.swift in Sources */ = {isa = PBXBuildFile; fileRef = DC1F68CD7C39D13E37ACD238 /* StoryView.swift */; };
		930BFF2B45A8E1F2B4E9071D /* App.swift in Sources */ = {isa = PBXBuildFile; fileRef = 6F6801DC07C088C6B7CD5C1E /* App.swift */; };
		944DD9913573FCF67C439F9D /* AppStoreScreenshotsUITests.swift in Sources */ = {isa = PBXBuildFile; fileRef = FA75BB7624CF060F34430F5C /* AppStoreScreenshotsUITests.swift */; };
		95C00F6967F38F7E152A62F5 /* Blitz.swift in Sources */ = {isa = PBXBuildFile; fileRef = A2C0D64040687B6834018CB9 /* Blitz.swift */; };
		962A2F4A8E2487A2CE4D7915 /* codex.json in Resources */ = {isa = PBXBuildFile; fileRef = AA866DDD3A50552E7424A0BA /* codex.json */; };
		9C22D4F07302E1F100C03797 /* BudgetBuddyWatchApp.swift in Sources */ = {isa = PBXBuildFile; fileRef = 586066F5538B41CE9E1AA051 /* BudgetBuddyWatchApp.swift */; };
		A0A5D2D9750D50534BE1C1BD /* Keychain.swift in Sources */ = {isa = PBXBuildFile; fileRef = F3157445FBFA50EC6C5E3621 /* Keychain.swift */; };
		A46B7F3BFA9939B15E62FE7E /* GeneratedStoryArtSmokeUITests.swift in Sources */ = {isa = PBXBuildFile; fileRef = 56CD15C0640B5C2625DEEF06 /* GeneratedStoryArtSmokeUITests.swift */; };
		A51E7AEE376A089D713342BA /* content_en.json in Resources */ = {isa = PBXBuildFile; fileRef = B33047B09F6CEE15FDC5B330 /* content_en.json */; };
		AAF7F8A875408750E90A1246 /* APIClient.swift in Sources */ = {isa = PBXBuildFile; fileRef = 168FF09AED732202ED653F49 /* APIClient.swift */; };
		AE7068CA1BF6F431C989C115 /* WatchSync.swift in Sources */ = {isa = PBXBuildFile; fileRef = FC285FB67DE3348DC46810D9 /* WatchSync.swift */; };
		B04DC22EF155D90D0D14DEC8 /* challenge_defs.json in Resources */ = {isa = PBXBuildFile; fileRef = B2461CFF570E8B46E1049CEB /* challenge_defs.json */; };
		B0E11DC49CE0AAFB34B3C288 /* StoryWrongAlert.swift in Sources */ = {isa = PBXBuildFile; fileRef = D7E03C7E21E39EC7EBD3E29D /* StoryWrongAlert.swift */; };
		BE3365546B0CB162150B0E67 /* ChallengesView.swift in Sources */ = {isa = PBXBuildFile; fileRef = CAF6C8BBC297480C5BFCD24A /* ChallengesView.swift */; };
		C2BC905110F430D04D007B6B /* EngagementPromptUITests.swift in Sources */ = {isa = PBXBuildFile; fileRef = F6D895D088F5B60D141E6661 /* EngagementPromptUITests.swift */; };
		C488AEF438185B63F81FC298 /* Diagnostics.swift in Sources */ = {isa = PBXBuildFile; fileRef = 8502F5EFE6221CB20EF05F44 /* Diagnostics.swift */; };
		C8C3C62DC8C515424D13DEE3 /* StabilityFlowUITests.swift in Sources */ = {isa = PBXBuildFile; fileRef = 7E84C5E625B38A2501CF21F0 /* StabilityFlowUITests.swift */; };
		CCD34BF8BF5D6C1139698039 /* quiz.json in Resources */ = {isa = PBXBuildFile; fileRef = 8E654590B6C92141130C54F7 /* quiz.json */; };
		CCFBC6B66B9181A44353AABF /* BudgetBuddyWatch.app in Embed Watch Content */ = {isa = PBXBuildFile; fileRef = 6DD4A16E66AD6AAC44E728FB /* BudgetBuddyWatch.app */; settings = {ATTRIBUTES = (RemoveHeadersOnCopy, ); }; };
		CE5ED095F706EAF2D50FFAE1 /* Assets.xcassets in Resources */ = {isa = PBXBuildFile; fileRef = B3BC153E24C5F2596E031918 /* Assets.xcassets */; };
		D05BDCA6DD5811A9DBF20975 /* BlitzViews.swift in Sources */ = {isa = PBXBuildFile; fileRef = 7674AEBA4090DE84EE6F92BA /* BlitzViews.swift */; };
		D1A5C2797D1006A9C8EA4FED /* TrackerSummaryUITests.swift in Sources */ = {isa = PBXBuildFile; fileRef = 069C7D124CBD6C82DD2AB4AF /* TrackerSummaryUITests.swift */; };
		D32F9BBBD318EA1835EFD74F /* AppRating.swift in Sources */ = {isa = PBXBuildFile; fileRef = FD71D45BDB9F5C48099B0DF3 /* AppRating.swift */; };
		D37920BD12FD0B7CE890552C /* Models.swift in Sources */ = {isa = PBXBuildFile; fileRef = F4452A75854BBEC2F2673564 /* Models.swift */; };
		E00C68CC617B8D382D94C484 /* GuestModeUITests.swift in Sources */ = {isa = PBXBuildFile; fileRef = 62BB45B44ECA2EB0FB036018 /* GuestModeUITests.swift */; };
		E46AC57C0EF89A952FC668C2 /* WatchBridge.swift in Sources */ = {isa = PBXBuildFile; fileRef = BC04CCB2C18C63A7F65A4592 /* WatchBridge.swift */; };
		EA1947FE578638ECF3D47A03 /* BlitzProbeUITests.swift in Sources */ = {isa = PBXBuildFile; fileRef = E275E4F0BDA8D1498D620434 /* BlitzProbeUITests.swift */; };
		FF5C01F4997AF84F7E8499D0 /* WatchQuickAddUITests.swift in Sources */ = {isa = PBXBuildFile; fileRef = 0A5F15F83CCC99F2DBA74140 /* WatchQuickAddUITests.swift */; };
/* End PBXBuildFile section */

/* Begin PBXContainerItemProxy section */
		34B4844627AE722151EF173B /* PBXContainerItemProxy */ = {
			isa = PBXContainerItemProxy;
			containerPortal = 5FF655893054AC4B4A5FD3AE /* Project object */;
			proxyType = 1;
			remoteGlobalIDString = B5B78C12675F2EFE1516B837;
			remoteInfo = BudgetBuddy;
		};
		53A5498F5477C2D83FB397BF /* PBXContainerItemProxy */ = {
			isa = PBXContainerItemProxy;
			containerPortal = 5FF655893054AC4B4A5FD3AE /* Project object */;
			proxyType = 1;
			remoteGlobalIDString = B5B78C12675F2EFE1516B837;
			remoteInfo = BudgetBuddy;
		};
		DA560C648E03C408E42AFCB2 /* PBXContainerItemProxy */ = {
			isa = PBXContainerItemProxy;
			containerPortal = 5FF655893054AC4B4A5FD3AE /* Project object */;
			proxyType = 1;
			remoteGlobalIDString = 8FC22903812FD384723A5338;
			remoteInfo = BudgetBuddyWatch;
		};
		FA46E970255E45DA079793ED /* PBXContainerItemProxy */ = {
			isa = PBXContainerItemProxy;
			containerPortal = 5FF655893054AC4B4A5FD3AE /* Project object */;
			proxyType = 1;
			remoteGlobalIDString = 8FC22903812FD384723A5338;
			remoteInfo = BudgetBuddyWatch;
		};
/* End PBXContainerItemProxy section */

/* Begin PBXCopyFilesBuildPhase section */
		03F727D14BA4928B1C2D151B /* Embed Watch Content */ = {
			isa = PBXCopyFilesBuildPhase;
			buildActionMask = 2147483647;
			dstPath = "$(CONTENTS_FOLDER_PATH)/Watch";
			dstSubfolderSpec = 16;
			files = (
				CCFBC6B66B9181A44353AABF /* BudgetBuddyWatch.app in Embed Watch Content */,
			);
			name = "Embed Watch Content";
			runOnlyForDeploymentPostprocessing = 0;
		};
/* End PBXCopyFilesBuildPhase section */

/* Begin PBXFileReference section */
		0367A2A7DEF40EC6346FAF87 /* BudgetBuddyTests.xctest */ = {isa = PBXFileReference; includeInIndex = 0; lastKnownFileType = wrapper.cfbundle; path = BudgetBuddyTests.xctest; sourceTree = BUILT_PRODUCTS_DIR; };
		069C7D124CBD6C82DD2AB4AF /* TrackerSummaryUITests.swift */ = {isa = PBXFileReference; lastKnownFileType = sourcecode.swift; path = TrackerSummaryUITests.swift; sourceTree = "<group>"; };
		06CC3F27E573CDCBAEB67CE5 /* LegalView.swift */ = {isa = PBXFileReference; lastKnownFileType = sourcecode.swift; path = LegalView.swift; sourceTree = "<group>"; };
		086B86EEFD49449A07F3DA99 /* Stories.swift */ = {isa = PBXFileReference; lastKnownFileType = sourcecode.swift; path = Stories.swift; sourceTree = "<group>"; };
		0A5F15F83CCC99F2DBA74140 /* WatchQuickAddUITests.swift */ = {isa = PBXFileReference; lastKnownFileType = sourcecode.swift; path = WatchQuickAddUITests.swift; sourceTree = "<group>"; };
		0FBA81EC46A06E0C83DDC53E /* SceneArtUITests.swift */ = {isa = PBXFileReference; lastKnownFileType = sourcecode.swift; path = SceneArtUITests.swift; sourceTree = "<group>"; };
		168FF09AED732202ED653F49 /* APIClient.swift */ = {isa = PBXFileReference; lastKnownFileType = sourcecode.swift; path = APIClient.swift; sourceTree = "<group>"; };
		1B31D09D46F76C2AF6080733 /* CustomCategories.swift */ = {isa = PBXFileReference; lastKnownFileType = sourcecode.swift; path = CustomCategories.swift; sourceTree = "<group>"; };
		2CB327477B63C862CF4C4BDF /* ForgotPasswordView.swift */ = {isa = PBXFileReference; lastKnownFileType = sourcecode.swift; path = ForgotPasswordView.swift; sourceTree = "<group>"; };
		30E28412D16C4F4B9719BE7C /* SiteScreenshotsENUITests.swift */ = {isa = PBXFileReference; lastKnownFileType = sourcecode.swift; path = SiteScreenshotsENUITests.swift; sourceTree = "<group>"; };
		356DC5818CD5F5B57FC2C686 /* StoryWrongAlertUITests.swift */ = {isa = PBXFileReference; lastKnownFileType = sourcecode.swift; path = StoryWrongAlertUITests.swift; sourceTree = "<group>"; };
		41F2A5A0F50EE631AE332537 /* lessons.json */ = {isa = PBXFileReference; lastKnownFileType = text.json; path = lessons.json; sourceTree = "<group>"; };
		429C6ADA6478AB8FC7FF6653 /* WatchAddView.swift */ = {isa = PBXFileReference; lastKnownFileType = sourcecode.swift; path = WatchAddView.swift; sourceTree = "<group>"; };
		4308F2D9E35FBADE4AF01914 /* UpdateChecker.swift */ = {isa = PBXFileReference; lastKnownFileType = sourcecode.swift; path = UpdateChecker.swift; sourceTree = "<group>"; };
		455251A24C5EC3B52630A850 /* V153ProbeUITests.swift */ = {isa = PBXFileReference; lastKnownFileType = sourcecode.swift; path = V153ProbeUITests.swift; sourceTree = "<group>"; };
		45CB70D3CEA29F96726EBAAA /* EngagementPrompt.swift */ = {isa = PBXFileReference; lastKnownFileType = sourcecode.swift; path = EngagementPrompt.swift; sourceTree = "<group>"; };
		4700651E2770E76ADA27D2F9 /* AppStore.swift */ = {isa = PBXFileReference; lastKnownFileType = sourcecode.swift; path = AppStore.swift; sourceTree = "<group>"; };
		4DC11E9F91977FE782A35300 /* CustomCategoryUITests.swift */ = {isa = PBXFileReference; lastKnownFileType = sourcecode.swift; path = CustomCategoryUITests.swift; sourceTree = "<group>"; };
		56CD15C0640B5C2625DEEF06 /* GeneratedStoryArtSmokeUITests.swift */ = {isa = PBXFileReference; lastKnownFileType = sourcecode.swift; path = GeneratedStoryArtSmokeUITests.swift; sourceTree = "<group>"; };
		580C6AF9335FC3A4784D7FE0 /* MainView.swift */ = {isa = PBXFileReference; lastKnownFileType = sourcecode.swift; path = MainView.swift; sourceTree = "<group>"; };
		586066F5538B41CE9E1AA051 /* BudgetBuddyWatchApp.swift */ = {isa = PBXFileReference; lastKnownFileType = sourcecode.swift; path = BudgetBuddyWatchApp.swift; sourceTree = "<group>"; };
		59E6305298343D4E0184491E /* FeedbackView.swift */ = {isa = PBXFileReference; lastKnownFileType = sourcecode.swift; path = FeedbackView.swift; sourceTree = "<group>"; };
		5B27166D2A1185543E0CDDA9 /* PixelArt.swift */ = {isa = PBXFileReference; lastKnownFileType = sourcecode.swift; path = PixelArt.swift; sourceTree = "<group>"; };
		5BED6EA06193E81430DE5479 /* BlitzTests.swift */ = {isa = PBXFileReference; lastKnownFileType = sourcecode.swift; path = BlitzTests.swift; sourceTree = "<group>"; };
		62BB45B44ECA2EB0FB036018 /* GuestModeUITests.swift */ = {isa = PBXFileReference; lastKnownFileType = sourcecode.swift; path = GuestModeUITests.swift; sourceTree = "<group>"; };
		64FB73FEF96886609FCF9D18 /* StoriesDataTests.swift */ = {isa = PBXFileReference; lastKnownFileType = sourcecode.swift; path = StoriesDataTests.swift; sourceTree = "<group>"; };
		6801E489C249D9CA3CE73F11 /* CustomCategoryTests.swift */ = {isa = PBXFileReference; lastKnownFileType = sourcecode.swift; path = CustomCategoryTests.swift; sourceTree = "<group>"; };
		6DD4A16E66AD6AAC44E728FB /* BudgetBuddyWatch.app */ = {isa = PBXFileReference; explicitFileType = wrapper.application; includeInIndex = 0; path = BudgetBuddyWatch.app; sourceTree = BUILT_PRODUCTS_DIR; };
		6F6801DC07C088C6B7CD5C1E /* App.swift */ = {isa = PBXFileReference; lastKnownFileType = sourcecode.swift; path = App.swift; sourceTree = "<group>"; };
		75368C41319B0354ED4CEFBB /* Build13RetestUITests.swift */ = {isa = PBXFileReference; lastKnownFileType = sourcecode.swift; path = Build13RetestUITests.swift; sourceTree = "<group>"; };
		7674AEBA4090DE84EE6F92BA /* BlitzViews.swift */ = {isa = PBXFileReference; lastKnownFileType = sourcecode.swift; path = BlitzViews.swift; sourceTree = "<group>"; };
		794DE158D71E2C44B6C92CD8 /* Assets.xcassets */ = {isa = PBXFileReference; lastKnownFileType = folder.assetcatalog; path = Assets.xcassets; sourceTree = "<group>"; };
		7E84C5E625B38A2501CF21F0 /* StabilityFlowUITests.swift */ = {isa = PBXFileReference; lastKnownFileType = sourcecode.swift; path = StabilityFlowUITests.swift; sourceTree = "<group>"; };
		8426D9EF5D90282736878D2C /* V11SmokeUITests.swift */ = {isa = PBXFileReference; lastKnownFileType = sourcecode.swift; path = V11SmokeUITests.swift; sourceTree = "<group>"; };
		8502F5EFE6221CB20EF05F44 /* Diagnostics.swift */ = {isa = PBXFileReference; lastKnownFileType = sourcecode.swift; path = Diagnostics.swift; sourceTree = "<group>"; };
		87BA808525E5AF91B50F6C00 /* Reminder.swift */ = {isa = PBXFileReference; lastKnownFileType = sourcecode.swift; path = Reminder.swift; sourceTree = "<group>"; };
		894F0C0185717F4301A2B9C7 /* BudgetBuddyUITests.xctest */ = {isa = PBXFileReference; includeInIndex = 0; lastKnownFileType = wrapper.cfbundle; path = BudgetBuddyUITests.xctest; sourceTree = BUILT_PRODUCTS_DIR; };
		8987DDEDDFA31A9140706008 /* stories.json */ = {isa = PBXFileReference; lastKnownFileType = text.json; path = stories.json; sourceTree = "<group>"; };
		8CDD78B034F919B5AD3238D3 /* NewStoriesProbeUITests.swift */ = {isa = PBXFileReference; lastKnownFileType = sourcecode.swift; path = NewStoriesProbeUITests.swift; sourceTree = "<group>"; };
		8E654590B6C92141130C54F7 /* quiz.json */ = {isa = PBXFileReference; lastKnownFileType = text.json; path = quiz.json; sourceTree = "<group>"; };
		9BE4FDF9834C2A9B27690963 /* Info.plist */ = {isa = PBXFileReference; lastKnownFileType = text.plist; path = Info.plist; sourceTree = "<group>"; };
		A0BFEAC08C0B7E406D7598CB /* ManualScreenshotsUITests.swift */ = {isa = PBXFileReference; lastKnownFileType = sourcecode.swift; path = ManualScreenshotsUITests.swift; sourceTree = "<group>"; };
		A2C0D64040687B6834018CB9 /* Blitz.swift */ = {isa = PBXFileReference; lastKnownFileType = sourcecode.swift; path = Blitz.swift; sourceTree = "<group>"; };
		AA1D22F73B304E8BEB9CC6C9 /* StoryVerdictTests.swift */ = {isa = PBXFileReference; lastKnownFileType = sourcecode.swift; path = StoryVerdictTests.swift; sourceTree = "<group>"; };
		AA866DDD3A50552E7424A0BA /* codex.json */ = {isa = PBXFileReference; lastKnownFileType = text.json; path = codex.json; sourceTree = "<group>"; };
		B2461CFF570E8B46E1049CEB /* challenge_defs.json */ = {isa = PBXFileReference; lastKnownFileType = text.json; path = challenge_defs.json; sourceTree = "<group>"; };
		B33047B09F6CEE15FDC5B330 /* content_en.json */ = {isa = PBXFileReference; lastKnownFileType = text.json; path = content_en.json; sourceTree = "<group>"; };
		B3BC153E24C5F2596E031918 /* Assets.xcassets */ = {isa = PBXFileReference; lastKnownFileType = folder.assetcatalog; path = Assets.xcassets; sourceTree = "<group>"; };
		BABAFF6217EC65BC2FC171EA /* Theme.swift */ = {isa = PBXFileReference; lastKnownFileType = sourcecode.swift; path = Theme.swift; sourceTree = "<group>"; };
		BC04CCB2C18C63A7F65A4592 /* WatchBridge.swift */ = {isa = PBXFileReference; lastKnownFileType = sourcecode.swift; path = WatchBridge.swift; sourceTree = "<group>"; };
		C35712FDED470F48C2A0DEAC /* TrackerView.swift */ = {isa = PBXFileReference; lastKnownFileType = sourcecode.swift; path = TrackerView.swift; sourceTree = "<group>"; };
		C53471A220F2E0AF7C10BBC1 /* Build13EnglishContentProbeUITests.swift */ = {isa = PBXFileReference; lastKnownFileType = sourcecode.swift; path = Build13EnglishContentProbeUITests.swift; sourceTree = "<group>"; };
		C7E9ACABCB3DB56BEF6F4A32 /* BudgetBuddyWatchUITests.xctest */ = {isa = PBXFileReference; explicitFileType = wrapper.cfbundle; includeInIndex = 0; path = BudgetBuddyWatchUITests.xctest; sourceTree = BUILT_PRODUCTS_DIR; };
		CAF6C8BBC297480C5BFCD24A /* ChallengesView.swift */ = {isa = PBXFileReference; lastKnownFileType = sourcecode.swift; path = ChallengesView.swift; sourceTree = "<group>"; };
		D2F2F10151DF065055DEE86F /* L10n.swift */ = {isa = PBXFileReference; lastKnownFileType = sourcecode.swift; path = L10n.swift; sourceTree = "<group>"; };
		D7E03C7E21E39EC7EBD3E29D /* StoryWrongAlert.swift */ = {isa = PBXFileReference; lastKnownFileType = sourcecode.swift; path = StoryWrongAlert.swift; sourceTree = "<group>"; };
		DA7F99F7BE62095C9139DC4F /* OnboardingView.swift */ = {isa = PBXFileReference; lastKnownFileType = sourcecode.swift; path = OnboardingView.swift; sourceTree = "<group>"; };
		DC1F68CD7C39D13E37ACD238 /* StoryView.swift */ = {isa = PBXFileReference; lastKnownFileType = sourcecode.swift; path = StoryView.swift; sourceTree = "<group>"; };
		DD1246E39990390A20BC9B9A /* AuthView.swift */ = {isa = PBXFileReference; lastKnownFileType = sourcecode.swift; path = AuthView.swift; sourceTree = "<group>"; };
		E275E4F0BDA8D1498D620434 /* BlitzProbeUITests.swift */ = {isa = PBXFileReference; lastKnownFileType = sourcecode.swift; path = BlitzProbeUITests.swift; sourceTree = "<group>"; };
		E923AA22C691DC1AA25A7753 /* PrivacyInfo.xcprivacy */ = {isa = PBXFileReference; path = PrivacyInfo.xcprivacy; sourceTree = "<group>"; };
		F3157445FBFA50EC6C5E3621 /* Keychain.swift */ = {isa = PBXFileReference; lastKnownFileType = sourcecode.swift; path = Keychain.swift; sourceTree = "<group>"; };
		F402A001BE0656EB0563C032 /* BudgetBuddy.app */ = {isa = PBXFileReference; includeInIndex = 0; lastKnownFileType = wrapper.application; path = BudgetBuddy.app; sourceTree = BUILT_PRODUCTS_DIR; };
		F4452A75854BBEC2F2673564 /* Models.swift */ = {isa = PBXFileReference; lastKnownFileType = sourcecode.swift; path = Models.swift; sourceTree = "<group>"; };
		F6D895D088F5B60D141E6661 /* EngagementPromptUITests.swift */ = {isa = PBXFileReference; lastKnownFileType = sourcecode.swift; path = EngagementPromptUITests.swift; sourceTree = "<group>"; };
		FA75BB7624CF060F34430F5C /* AppStoreScreenshotsUITests.swift */ = {isa = PBXFileReference; lastKnownFileType = sourcecode.swift; path = AppStoreScreenshotsUITests.swift; sourceTree = "<group>"; };
		FC285FB67DE3348DC46810D9 /* WatchSync.swift */ = {isa = PBXFileReference; lastKnownFileType = sourcecode.swift; path = WatchSync.swift; sourceTree = "<group>"; };
		FD71D45BDB9F5C48099B0DF3 /* AppRating.swift */ = {isa = PBXFileReference; lastKnownFileType = sourcecode.swift; path = AppRating.swift; sourceTree = "<group>"; };
/* End PBXFileReference section */

/* Begin PBXGroup section */
		240A8E8F4B55B0BD5D3F53C9 /* UITests */ = {
			isa = PBXGroup;
			children = (
				FA75BB7624CF060F34430F5C /* AppStoreScreenshotsUITests.swift */,
				E275E4F0BDA8D1498D620434 /* BlitzProbeUITests.swift */,
				C53471A220F2E0AF7C10BBC1 /* Build13EnglishContentProbeUITests.swift */,
				75368C41319B0354ED4CEFBB /* Build13RetestUITests.swift */,
				4DC11E9F91977FE782A35300 /* CustomCategoryUITests.swift */,
				F6D895D088F5B60D141E6661 /* EngagementPromptUITests.swift */,
				56CD15C0640B5C2625DEEF06 /* GeneratedStoryArtSmokeUITests.swift */,
				62BB45B44ECA2EB0FB036018 /* GuestModeUITests.swift */,
				A0BFEAC08C0B7E406D7598CB /* ManualScreenshotsUITests.swift */,
				8CDD78B034F919B5AD3238D3 /* NewStoriesProbeUITests.swift */,
				0FBA81EC46A06E0C83DDC53E /* SceneArtUITests.swift */,
				30E28412D16C4F4B9719BE7C /* SiteScreenshotsENUITests.swift */,
				7E84C5E625B38A2501CF21F0 /* StabilityFlowUITests.swift */,
				356DC5818CD5F5B57FC2C686 /* StoryWrongAlertUITests.swift */,
				069C7D124CBD6C82DD2AB4AF /* TrackerSummaryUITests.swift */,
				8426D9EF5D90282736878D2C /* V11SmokeUITests.swift */,
				455251A24C5EC3B52630A850 /* V153ProbeUITests.swift */,
			);
			path = UITests;
			sourceTree = "<group>";
		};
		78407793A2B8064AEC6D3C70 /* Products */ = {
			isa = PBXGroup;
			children = (
				F402A001BE0656EB0563C032 /* BudgetBuddy.app */,
				0367A2A7DEF40EC6346FAF87 /* BudgetBuddyTests.xctest */,
				894F0C0185717F4301A2B9C7 /* BudgetBuddyUITests.xctest */,
				6DD4A16E66AD6AAC44E728FB /* BudgetBuddyWatch.app */,
				C7E9ACABCB3DB56BEF6F4A32 /* BudgetBuddyWatchUITests.xctest */,
			);
			name = Products;
			sourceTree = "<group>";
		};
		784AA28E80CC3440C0641207 = {
			isa = PBXGroup;
			children = (
				B3BC153E24C5F2596E031918 /* Assets.xcassets */,
				E923AA22C691DC1AA25A7753 /* PrivacyInfo.xcprivacy */,
				D2B96D7B2339836452B02BD1 /* Resources */,
				C3A0A89CD2E19A2B8BD7A34E /* Sources */,
				D825A1256B7230E78A5D02C5 /* Tests */,
				240A8E8F4B55B0BD5D3F53C9 /* UITests */,
				C9975E5082B00D4E4CF55C34 /* WatchApp */,
				BA53293BC164CCE5998D1098 /* WatchUITests */,
				78407793A2B8064AEC6D3C70 /* Products */,
			);
			sourceTree = "<group>";
		};
		BA53293BC164CCE5998D1098 /* WatchUITests */ = {
			isa = PBXGroup;
			children = (
				0A5F15F83CCC99F2DBA74140 /* WatchQuickAddUITests.swift */,
			);
			path = WatchUITests;
			sourceTree = "<group>";
		};
		C3A0A89CD2E19A2B8BD7A34E /* Sources */ = {
			isa = PBXGroup;
			children = (
				168FF09AED732202ED653F49 /* APIClient.swift */,
				6F6801DC07C088C6B7CD5C1E /* App.swift */,
				FD71D45BDB9F5C48099B0DF3 /* AppRating.swift */,
				4700651E2770E76ADA27D2F9 /* AppStore.swift */,
				DD1246E39990390A20BC9B9A /* AuthView.swift */,
				A2C0D64040687B6834018CB9 /* Blitz.swift */,
				7674AEBA4090DE84EE6F92BA /* BlitzViews.swift */,
				CAF6C8BBC297480C5BFCD24A /* ChallengesView.swift */,
				1B31D09D46F76C2AF6080733 /* CustomCategories.swift */,
				8502F5EFE6221CB20EF05F44 /* Diagnostics.swift */,
				45CB70D3CEA29F96726EBAAA /* EngagementPrompt.swift */,
				59E6305298343D4E0184491E /* FeedbackView.swift */,
				2CB327477B63C862CF4C4BDF /* ForgotPasswordView.swift */,
				F3157445FBFA50EC6C5E3621 /* Keychain.swift */,
				D2F2F10151DF065055DEE86F /* L10n.swift */,
				06CC3F27E573CDCBAEB67CE5 /* LegalView.swift */,
				580C6AF9335FC3A4784D7FE0 /* MainView.swift */,
				F4452A75854BBEC2F2673564 /* Models.swift */,
				DA7F99F7BE62095C9139DC4F /* OnboardingView.swift */,
				5B27166D2A1185543E0CDDA9 /* PixelArt.swift */,
				87BA808525E5AF91B50F6C00 /* Reminder.swift */,
				086B86EEFD49449A07F3DA99 /* Stories.swift */,
				DC1F68CD7C39D13E37ACD238 /* StoryView.swift */,
				D7E03C7E21E39EC7EBD3E29D /* StoryWrongAlert.swift */,
				BABAFF6217EC65BC2FC171EA /* Theme.swift */,
				C35712FDED470F48C2A0DEAC /* TrackerView.swift */,
				4308F2D9E35FBADE4AF01914 /* UpdateChecker.swift */,
				BC04CCB2C18C63A7F65A4592 /* WatchBridge.swift */,
			);
			path = Sources;
			sourceTree = "<group>";
		};
		C9975E5082B00D4E4CF55C34 /* WatchApp */ = {
			isa = PBXGroup;
			children = (
				794DE158D71E2C44B6C92CD8 /* Assets.xcassets */,
				586066F5538B41CE9E1AA051 /* BudgetBuddyWatchApp.swift */,
				9BE4FDF9834C2A9B27690963 /* Info.plist */,
				429C6ADA6478AB8FC7FF6653 /* WatchAddView.swift */,
				FC285FB67DE3348DC46810D9 /* WatchSync.swift */,
			);
			path = WatchApp;
			sourceTree = "<group>";
		};
		D2B96D7B2339836452B02BD1 /* Resources */ = {
			isa = PBXGroup;
			children = (
				B2461CFF570E8B46E1049CEB /* challenge_defs.json */,
				AA866DDD3A50552E7424A0BA /* codex.json */,
				B33047B09F6CEE15FDC5B330 /* content_en.json */,
				41F2A5A0F50EE631AE332537 /* lessons.json */,
				8E654590B6C92141130C54F7 /* quiz.json */,
				8987DDEDDFA31A9140706008 /* stories.json */,
			);
			path = Resources;
			sourceTree = "<group>";
		};
		D825A1256B7230E78A5D02C5 /* Tests */ = {
			isa = PBXGroup;
			children = (
				5BED6EA06193E81430DE5479 /* BlitzTests.swift */,
				6801E489C249D9CA3CE73F11 /* CustomCategoryTests.swift */,
				64FB73FEF96886609FCF9D18 /* StoriesDataTests.swift */,
				AA1D22F73B304E8BEB9CC6C9 /* StoryVerdictTests.swift */,
			);
			path = Tests;
			sourceTree = "<group>";
		};
/* End PBXGroup section */

/* Begin PBXNativeTarget section */
		1BD83FFD588D65BAA9A4BA24 /* BudgetBuddyUITests */ = {
			isa = PBXNativeTarget;
			buildConfigurationList = 6421E247AA3E24550CAE0FB4 /* Build configuration list for PBXNativeTarget "BudgetBuddyUITests" */;
			buildPhases = (
				510E2039131F45772429F9E9 /* Sources */,
			);
			buildRules = (
			);
			dependencies = (
				38D9165D982DE36BFF73F5D1 /* PBXTargetDependency */,
			);
			name = BudgetBuddyUITests;
			packageProductDependencies = (
			);
			productName = BudgetBuddyUITests;
			productReference = 894F0C0185717F4301A2B9C7 /* BudgetBuddyUITests.xctest */;
			productType = "com.apple.product-type.bundle.ui-testing";
		};
		8FC22903812FD384723A5338 /* BudgetBuddyWatch */ = {
			isa = PBXNativeTarget;
			buildConfigurationList = E2259C28D1C54DCB7B486855 /* Build configuration list for PBXNativeTarget "BudgetBuddyWatch" */;
			buildPhases = (
				C6843DFD677E0A6F50CEFF00 /* Sources */,
				1289053B243A4C9FF813138C /* Resources */,
			);
			buildRules = (
			);
			dependencies = (
			);
			name = BudgetBuddyWatch;
			packageProductDependencies = (
			);
			productName = BudgetBuddyWatch;
			productReference = 6DD4A16E66AD6AAC44E728FB /* BudgetBuddyWatch.app */;
			productType = "com.apple.product-type.application";
		};
		A744AB99B29916E1CF1EB61D /* BudgetBuddyWatchUITests */ = {
			isa = PBXNativeTarget;
			buildConfigurationList = F79AFBA74AEB3D8DC7A7714C /* Build configuration list for PBXNativeTarget "BudgetBuddyWatchUITests" */;
			buildPhases = (
				5F2ACDA5714D48BD8C93690E /* Sources */,
			);
			buildRules = (
			);
			dependencies = (
				47F48B918B33270FE19661BB /* PBXTargetDependency */,
			);
			name = BudgetBuddyWatchUITests;
			packageProductDependencies = (
			);
			productName = BudgetBuddyWatchUITests;
			productReference = C7E9ACABCB3DB56BEF6F4A32 /* BudgetBuddyWatchUITests.xctest */;
			productType = "com.apple.product-type.bundle.ui-testing";
		};
		B5B78C12675F2EFE1516B837 /* BudgetBuddy */ = {
			isa = PBXNativeTarget;
			buildConfigurationList = D312AE38DE7C22E6EDDBE60B /* Build configuration list for PBXNativeTarget "BudgetBuddy" */;
			buildPhases = (
				7558A7EFE5DD189B3861D52F /* Sources */,
				EC84329BA31019EE812A3E76 /* Resources */,
				03F727D14BA4928B1C2D151B /* Embed Watch Content */,
			);
			buildRules = (
			);
			dependencies = (
				E06962EDA1BD188ACBC18296 /* PBXTargetDependency */,
			);
			name = BudgetBuddy;
			packageProductDependencies = (
			);
			productName = BudgetBuddy;
			productReference = F402A001BE0656EB0563C032 /* BudgetBuddy.app */;
			productType = "com.apple.product-type.application";
		};
		F7709054B70B82C5E82C4C79 /* BudgetBuddyTests */ = {
			isa = PBXNativeTarget;
			buildConfigurationList = 444E7B1543A789EC2DE248AB /* Build configuration list for PBXNativeTarget "BudgetBuddyTests" */;
			buildPhases = (
				AB67FFC74D1F7EB9F0320AF3 /* Sources */,
			);
			buildRules = (
			);
			dependencies = (
				26A09BE80782E87492176A67 /* PBXTargetDependency */,
			);
			name = BudgetBuddyTests;
			packageProductDependencies = (
			);
			productName = BudgetBuddyTests;
			productReference = 0367A2A7DEF40EC6346FAF87 /* BudgetBuddyTests.xctest */;
			productType = "com.apple.product-type.bundle.unit-test";
		};
/* End PBXNativeTarget section */

/* Begin PBXProject section */
		5FF655893054AC4B4A5FD3AE /* Project object */ = {
			isa = PBXProject;
			attributes = {
				BuildIndependentTargetsInParallel = YES;
				LastUpgradeCheck = 1430;
				TargetAttributes = {
					1BD83FFD588D65BAA9A4BA24 = {
						TestTargetID = B5B78C12675F2EFE1516B837;
					};
					8FC22903812FD384723A5338 = {
						DevelopmentTeam = JUJB5U4698;
					};
					A744AB99B29916E1CF1EB61D = {
						TestTargetID = 8FC22903812FD384723A5338;
					};
					B5B78C12675F2EFE1516B837 = {
						DevelopmentTeam = JUJB5U4698;
					};
				};
			};
			buildConfigurationList = 381EAA6F363ACEB16650F80D /* Build configuration list for PBXProject "BudgetBuddy" */;
			developmentRegion = en;
			hasScannedForEncodings = 0;
			knownRegions = (
				Base,
				en,
			);
			mainGroup = 784AA28E80CC3440C0641207;
			minimizedProjectReferenceProxies = 1;
			preferredProjectObjectVersion = 77;
			productRefGroup = 78407793A2B8064AEC6D3C70 /* Products */;
			projectDirPath = "";
			projectRoot = "";
			targets = (
				B5B78C12675F2EFE1516B837 /* BudgetBuddy */,
				F7709054B70B82C5E82C4C79 /* BudgetBuddyTests */,
				1BD83FFD588D65BAA9A4BA24 /* BudgetBuddyUITests */,
				8FC22903812FD384723A5338 /* BudgetBuddyWatch */,
				A744AB99B29916E1CF1EB61D /* BudgetBuddyWatchUITests */,
			);
		};
/* End PBXProject section */

/* Begin PBXResourcesBuildPhase section */
		1289053B243A4C9FF813138C /* Resources */ = {
			isa = PBXResourcesBuildPhase;
			buildActionMask = 2147483647;
			files = (
				287A34D4E4DF07FFED596D8A /* Assets.xcassets in Resources */,
			);
			runOnlyForDeploymentPostprocessing = 0;
		};
		EC84329BA31019EE812A3E76 /* Resources */ = {
			isa = PBXResourcesBuildPhase;
			buildActionMask = 2147483647;
			files = (
				CE5ED095F706EAF2D50FFAE1 /* Assets.xcassets in Resources */,
				1D7134938206D59BCC6A8B4F /* PrivacyInfo.xcprivacy in Resources */,
				B04DC22EF155D90D0D14DEC8 /* challenge_defs.json in Resources */,
				962A2F4A8E2487A2CE4D7915 /* codex.json in Resources */,
				A51E7AEE376A089D713342BA /* content_en.json in Resources */,
				1EDD7B92121E7A5AE73944D4 /* lessons.json in Resources */,
				CCD34BF8BF5D6C1139698039 /* quiz.json in Resources */,
				475EEDF9A239AA387F10DB22 /* stories.json in Resources */,
			);
			runOnlyForDeploymentPostprocessing = 0;
		};
/* End PBXResourcesBuildPhase section */

/* Begin PBXSourcesBuildPhase section */
		510E2039131F45772429F9E9 /* Sources */ = {
			isa = PBXSourcesBuildPhase;
			buildActionMask = 2147483647;
			files = (
				944DD9913573FCF67C439F9D /* AppStoreScreenshotsUITests.swift in Sources */,
				EA1947FE578638ECF3D47A03 /* BlitzProbeUITests.swift in Sources */,
				1822015E0AF551219B3525A9 /* Build13EnglishContentProbeUITests.swift in Sources */,
				743626B539B64AB3BD829FD1 /* Build13RetestUITests.swift in Sources */,
				81F26117C6323461F29E09C3 /* CustomCategoryUITests.swift in Sources */,
				C2BC905110F430D04D007B6B /* EngagementPromptUITests.swift in Sources */,
				A46B7F3BFA9939B15E62FE7E /* GeneratedStoryArtSmokeUITests.swift in Sources */,
				E00C68CC617B8D382D94C484 /* GuestModeUITests.swift in Sources */,
				1CC75968EEE63A82B15FC49A /* ManualScreenshotsUITests.swift in Sources */,
				17C126FE63EA438DFC4431AF /* NewStoriesProbeUITests.swift in Sources */,
				55217E38CBAD6F9FA8BFB392 /* SceneArtUITests.swift in Sources */,
				5B0F57426532FC6DE1140E18 /* SiteScreenshotsENUITests.swift in Sources */,
				C8C3C62DC8C515424D13DEE3 /* StabilityFlowUITests.swift in Sources */,
				084ABB85861850713D1DC9B7 /* StoryWrongAlertUITests.swift in Sources */,
				D1A5C2797D1006A9C8EA4FED /* TrackerSummaryUITests.swift in Sources */,
				3F6D588F48F9CE1B8DA78AA5 /* V11SmokeUITests.swift in Sources */,
				38E31B3BC670D58176D7A773 /* V153ProbeUITests.swift in Sources */,
			);
			runOnlyForDeploymentPostprocessing = 0;
		};
		5F2ACDA5714D48BD8C93690E /* Sources */ = {
			isa = PBXSourcesBuildPhase;
			buildActionMask = 2147483647;
			files = (
				FF5C01F4997AF84F7E8499D0 /* WatchQuickAddUITests.swift in Sources */,
			);
			runOnlyForDeploymentPostprocessing = 0;
		};
		7558A7EFE5DD189B3861D52F /* Sources */ = {
			isa = PBXSourcesBuildPhase;
			buildActionMask = 2147483647;
			files = (
				AAF7F8A875408750E90A1246 /* APIClient.swift in Sources */,
				930BFF2B45A8E1F2B4E9071D /* App.swift in Sources */,
				D32F9BBBD318EA1835EFD74F /* AppRating.swift in Sources */,
				77F19557CFFA16F550D24ADC /* AppStore.swift in Sources */,
				4466260C110CD521C5571149 /* AuthView.swift in Sources */,
				95C00F6967F38F7E152A62F5 /* Blitz.swift in Sources */,
				D05BDCA6DD5811A9DBF20975 /* BlitzViews.swift in Sources */,
				BE3365546B0CB162150B0E67 /* ChallengesView.swift in Sources */,
				54625E98D61839AF49D71DED /* CustomCategories.swift in Sources */,
				C488AEF438185B63F81FC298 /* Diagnostics.swift in Sources */,
				5AE94BAB5926BDC3685360D2 /* EngagementPrompt.swift in Sources */,
				55A79EBA6120AF9912FE948C /* FeedbackView.swift in Sources */,
				1E9B30E23E2C23A39A42443E /* ForgotPasswordView.swift in Sources */,
				A0A5D2D9750D50534BE1C1BD /* Keychain.swift in Sources */,
				86473B7A25E8A0F3A0D1B5ED /* L10n.swift in Sources */,
				2600BD14A81B5B9FB8414D18 /* LegalView.swift in Sources */,
				76ECEE54D5EB78B0C20D76C8 /* MainView.swift in Sources */,
				D37920BD12FD0B7CE890552C /* Models.swift in Sources */,
				0C49FF4891983BB5C74A3AA5 /* OnboardingView.swift in Sources */,
				5317190862D74EC80D8352D5 /* PixelArt.swift in Sources */,
				6EA63568517E165570EB24C9 /* Reminder.swift in Sources */,
				37D50F07E5690CD915343241 /* Stories.swift in Sources */,
				86F8BFEFFB86C4CB29ABD0DF /* StoryView.swift in Sources */,
				B0E11DC49CE0AAFB34B3C288 /* StoryWrongAlert.swift in Sources */,
				2F2FDDE67545103B94865D76 /* Theme.swift in Sources */,
				1F0F65794C6152C700A8BB98 /* TrackerView.swift in Sources */,
				2675D1D5E6FE72780E26C6D6 /* UpdateChecker.swift in Sources */,
				E46AC57C0EF89A952FC668C2 /* WatchBridge.swift in Sources */,
			);
			runOnlyForDeploymentPostprocessing = 0;
		};
		AB67FFC74D1F7EB9F0320AF3 /* Sources */ = {
			isa = PBXSourcesBuildPhase;
			buildActionMask = 2147483647;
			files = (
				4BD5B33226C9406DBC807DFF /* BlitzTests.swift in Sources */,
				3952CDC7DB0DED7F616BAE49 /* CustomCategoryTests.swift in Sources */,
				4766A935AE7599242CC8A82B /* StoriesDataTests.swift in Sources */,
				764C519960193D9824AF25D3 /* StoryVerdictTests.swift in Sources */,
			);
			runOnlyForDeploymentPostprocessing = 0;
		};
		C6843DFD677E0A6F50CEFF00 /* Sources */ = {
			isa = PBXSourcesBuildPhase;
			buildActionMask = 2147483647;
			files = (
				9C22D4F07302E1F100C03797 /* BudgetBuddyWatchApp.swift in Sources */,
				0DDDF1606A48303FBD8F4791 /* WatchAddView.swift in Sources */,
				AE7068CA1BF6F431C989C115 /* WatchSync.swift in Sources */,
			);
			runOnlyForDeploymentPostprocessing = 0;
		};
/* End PBXSourcesBuildPhase section */

/* Begin PBXTargetDependency section */
		26A09BE80782E87492176A67 /* PBXTargetDependency */ = {
			isa = PBXTargetDependency;
			target = B5B78C12675F2EFE1516B837 /* BudgetBuddy */;
			targetProxy = 53A5498F5477C2D83FB397BF /* PBXContainerItemProxy */;
		};
		38D9165D982DE36BFF73F5D1 /* PBXTargetDependency */ = {
			isa = PBXTargetDependency;
			target = B5B78C12675F2EFE1516B837 /* BudgetBuddy */;
			targetProxy = 34B4844627AE722151EF173B /* PBXContainerItemProxy */;
		};
		47F48B918B33270FE19661BB /* PBXTargetDependency */ = {
			isa = PBXTargetDependency;
			target = 8FC22903812FD384723A5338 /* BudgetBuddyWatch */;
			targetProxy = FA46E970255E45DA079793ED /* PBXContainerItemProxy */;
		};
		E06962EDA1BD188ACBC18296 /* PBXTargetDependency */ = {
			isa = PBXTargetDependency;
			target = 8FC22903812FD384723A5338 /* BudgetBuddyWatch */;
			targetProxy = DA560C648E03C408E42AFCB2 /* PBXContainerItemProxy */;
		};
/* End PBXTargetDependency section */

/* Begin XCBuildConfiguration section */
		27604B201E4F182CE22D3A19 /* Debug */ = {
			isa = XCBuildConfiguration;
			buildSettings = {
				ALWAYS_SEARCH_USER_PATHS = NO;
				CLANG_ANALYZER_NONNULL = YES;
				CLANG_ANALYZER_NUMBER_OBJECT_CONVERSION = YES_AGGRESSIVE;
				CLANG_CXX_LANGUAGE_STANDARD = "gnu++14";
				CLANG_CXX_LIBRARY = "libc++";
				CLANG_ENABLE_MODULES = YES;
				CLANG_ENABLE_OBJC_ARC = YES;
				CLANG_ENABLE_OBJC_WEAK = YES;
				CLANG_WARN_BLOCK_CAPTURE_AUTORELEASING = YES;
				CLANG_WARN_BOOL_CONVERSION = YES;
				CLANG_WARN_COMMA = YES;
				CLANG_WARN_CONSTANT_CONVERSION = YES;
				CLANG_WARN_DEPRECATED_OBJC_IMPLEMENTATIONS = YES;
				CLANG_WARN_DIRECT_OBJC_ISA_USAGE = YES_ERROR;
				CLANG_WARN_DOCUMENTATION_COMMENTS = YES;
				CLANG_WARN_EMPTY_BODY = YES;
				CLANG_WARN_ENUM_CONVERSION = YES;
				CLANG_WARN_INFINITE_RECURSION = YES;
				CLANG_WARN_INT_CONVERSION = YES;
				CLANG_WARN_NON_LITERAL_NULL_CONVERSION = YES;
				CLANG_WARN_OBJC_IMPLICIT_RETAIN_SELF = YES;
				CLANG_WARN_OBJC_LITERAL_CONVERSION = YES;
				CLANG_WARN_OBJC_ROOT_CLASS = YES_ERROR;
				CLANG_WARN_QUOTED_INCLUDE_IN_FRAMEWORK_HEADER = YES;
				CLANG_WARN_RANGE_LOOP_ANALYSIS = YES;
				CLANG_WARN_STRICT_PROTOTYPES = YES;
				CLANG_WARN_SUSPICIOUS_MOVE = YES;
				CLANG_WARN_UNGUARDED_AVAILABILITY = YES_AGGRESSIVE;
				CLANG_WARN_UNREACHABLE_CODE = YES;
				CLANG_WARN__DUPLICATE_METHOD_MATCH = YES;
				COPY_PHASE_STRIP = NO;
				DEBUG_INFORMATION_FORMAT = dwarf;
				ENABLE_STRICT_OBJC_MSGSEND = YES;
				ENABLE_TESTABILITY = YES;
				GCC_C_LANGUAGE_STANDARD = gnu11;
				GCC_DYNAMIC_NO_PIC = NO;
				GCC_NO_COMMON_BLOCKS = YES;
				GCC_OPTIMIZATION_LEVEL = 0;
				GCC_PREPROCESSOR_DEFINITIONS = (
					"$(inherited)",
					"DEBUG=1",
				);
				GCC_WARN_64_TO_32_BIT_CONVERSION = YES;
				GCC_WARN_ABOUT_RETURN_TYPE = YES_ERROR;
				GCC_WARN_UNDECLARED_SELECTOR = YES;
				GCC_WARN_UNINITIALIZED_AUTOS = YES_AGGRESSIVE;
				GCC_WARN_UNUSED_FUNCTION = YES;
				GCC_WARN_UNUSED_VARIABLE = YES;
				IPHONEOS_DEPLOYMENT_TARGET = 16.0;
				MTL_ENABLE_DEBUG_INFO = INCLUDE_SOURCE;
				MTL_FAST_MATH = YES;
				ONLY_ACTIVE_ARCH = YES;
				PRODUCT_NAME = "$(TARGET_NAME)";
				SWIFT_ACTIVE_COMPILATION_CONDITIONS = DEBUG;
				SWIFT_OPTIMIZATION_LEVEL = "-Onone";
				SWIFT_VERSION = 5.0;
			};
			name = Debug;
		};
		7BF955CEA842D861E9E1F9A0 /* Debug */ = {
			isa = XCBuildConfiguration;
			buildSettings = {
				"CODE_SIGNING_ALLOWED[sdk=watchos*]" = NO;
				"CODE_SIGNING_REQUIRED[sdk=watchos*]" = NO;
				CODE_SIGN_STYLE = Manual;
				GENERATE_INFOPLIST_FILE = YES;
				PRODUCT_BUNDLE_IDENTIFIER = cn.budgetbuddy.BudgetBuddyWatchUITests;
				SDKROOT = watchos;
				SWIFT_VERSION = 5.0;
				TEST_TARGET_NAME = BudgetBuddyWatch;
			};
			name = Debug;
		};
		82CBC894AA31CFD0A3E049D9 /* Debug */ = {
			isa = XCBuildConfiguration;
			buildSettings = {
				BUNDLE_LOADER = "$(TEST_HOST)";
				"CODE_SIGNING_ALLOWED[sdk=iphoneos*]" = NO;
				"CODE_SIGNING_REQUIRED[sdk=iphoneos*]" = NO;
				CODE_SIGN_STYLE = Manual;
				GENERATE_INFOPLIST_FILE = YES;
				LD_RUNPATH_SEARCH_PATHS = (
					"$(inherited)",
					"@executable_path/Frameworks",
					"@loader_path/Frameworks",
				);
				PRODUCT_BUNDLE_IDENTIFIER = cn.budgetbuddy.BudgetBuddyUITests;
				SDKROOT = iphoneos;
				SWIFT_VERSION = 5.0;
				TARGETED_DEVICE_FAMILY = "1,2";
				TEST_TARGET_NAME = BudgetBuddy;
			};
			name = Debug;
		};
		8904627B863FCEE1C4BE2001 /* Release */ = {
			isa = XCBuildConfiguration;
			buildSettings = {
				ASSETCATALOG_COMPILER_APPICON_NAME = AppIcon;
				"CODE_SIGNING_ALLOWED[sdk=iphoneos*]" = NO;
				"CODE_SIGNING_REQUIRED[sdk=iphoneos*]" = NO;
				CODE_SIGN_STYLE = Automatic;
				CURRENT_PROJECT_VERSION = 28;
				DEVELOPMENT_TEAM = JUJB5U4698;
				GENERATE_INFOPLIST_FILE = YES;
				INFOPLIST_KEY_CFBundleDisplayName = "省钱搭子";
				INFOPLIST_KEY_ITSAppUsesNonExemptEncryption = NO;
				INFOPLIST_KEY_UIApplicationSceneManifest_Generation = YES;
				INFOPLIST_KEY_UILaunchScreen_Generation = YES;
				INFOPLIST_KEY_UIRequiresFullScreen = YES;
				INFOPLIST_KEY_UISupportedInterfaceOrientations_iPad = "UIInterfaceOrientationPortrait UIInterfaceOrientationPortraitUpsideDown";
				INFOPLIST_KEY_UISupportedInterfaceOrientations_iPhone = UIInterfaceOrientationPortrait;
				INFOPLIST_KEY_UIUserInterfaceStyle = Light;
				LD_RUNPATH_SEARCH_PATHS = (
					"$(inherited)",
					"@executable_path/Frameworks",
				);
				MARKETING_VERSION = 1.6.1;
				PRODUCT_BUNDLE_IDENTIFIER = cn.budgetbuddy.BudgetBuddy;
				SDKROOT = iphoneos;
				SKIP_INSTALL = NO;
				SWIFT_VERSION = 5.0;
				TARGETED_DEVICE_FAMILY = "1,2";
			};
			name = Release;
		};
		9DF41BE522CCF61AF2B6F298 /* Debug */ = {
			isa = XCBuildConfiguration;
			buildSettings = {
				ASSETCATALOG_COMPILER_APPICON_NAME = AppIcon;
				"CODE_SIGNING_ALLOWED[sdk=iphoneos*]" = NO;
				"CODE_SIGNING_REQUIRED[sdk=iphoneos*]" = NO;
				CODE_SIGN_STYLE = Manual;
				CURRENT_PROJECT_VERSION = 28;
				DEVELOPMENT_TEAM = JUJB5U4698;
				GENERATE_INFOPLIST_FILE = YES;
				INFOPLIST_KEY_CFBundleDisplayName = "省钱搭子";
				INFOPLIST_KEY_ITSAppUsesNonExemptEncryption = NO;
				INFOPLIST_KEY_UIApplicationSceneManifest_Generation = YES;
				INFOPLIST_KEY_UILaunchScreen_Generation = YES;
				INFOPLIST_KEY_UIRequiresFullScreen = YES;
				INFOPLIST_KEY_UISupportedInterfaceOrientations_iPad = "UIInterfaceOrientationPortrait UIInterfaceOrientationPortraitUpsideDown";
				INFOPLIST_KEY_UISupportedInterfaceOrientations_iPhone = UIInterfaceOrientationPortrait;
				INFOPLIST_KEY_UIUserInterfaceStyle = Light;
				LD_RUNPATH_SEARCH_PATHS = (
					"$(inherited)",
					"@executable_path/Frameworks",
				);
				MARKETING_VERSION = 1.6.1;
				PRODUCT_BUNDLE_IDENTIFIER = cn.budgetbuddy.BudgetBuddy;
				SDKROOT = iphoneos;
				SKIP_INSTALL = NO;
				SWIFT_VERSION = 5.0;
				TARGETED_DEVICE_FAMILY = "1,2";
			};
			name = Debug;
		};
		BE19AF1FD3F91171673AFACA /* Debug */ = {
			isa = XCBuildConfiguration;
			buildSettings = {
				ASSETCATALOG_COMPILER_APPICON_NAME = AppIcon;
				"CODE_SIGNING_ALLOWED[sdk=watchos*]" = NO;
				"CODE_SIGNING_REQUIRED[sdk=watchos*]" = NO;
				CODE_SIGN_STYLE = Manual;
				CURRENT_PROJECT_VERSION = 28;
				DEVELOPMENT_TEAM = JUJB5U4698;
				INFOPLIST_FILE = WatchApp/Info.plist;
				MARKETING_VERSION = 1.6.1;
				PRODUCT_BUNDLE_IDENTIFIER = cn.budgetbuddy.BudgetBuddy.watchkitapp;
				SDKROOT = watchos;
				SKIP_INSTALL = YES;
				SWIFT_VERSION = 5.0;
				TARGETED_DEVICE_FAMILY = 4;
				WATCHOS_DEPLOYMENT_TARGET = 10.0;
			};
			name = Debug;
		};
		C7D60542E270015D99A7FE36 /* Debug */ = {
			isa = XCBuildConfiguration;
			buildSettings = {
				BUNDLE_LOADER = "$(TEST_HOST)";
				"CODE_SIGNING_ALLOWED[sdk=iphoneos*]" = NO;
				"CODE_SIGNING_REQUIRED[sdk=iphoneos*]" = NO;
				CODE_SIGN_STYLE = Manual;
				GENERATE_INFOPLIST_FILE = YES;
				LD_RUNPATH_SEARCH_PATHS = (
					"$(inherited)",
					"@executable_path/Frameworks",
					"@loader_path/Frameworks",
				);
				PRODUCT_BUNDLE_IDENTIFIER = cn.budgetbuddy.BudgetBuddyTests;
				SDKROOT = iphoneos;
				SWIFT_VERSION = 5.0;
				TARGETED_DEVICE_FAMILY = "1,2";
				TEST_HOST = "$(BUILT_PRODUCTS_DIR)/BudgetBuddy.app/BudgetBuddy";
			};
			name = Debug;
		};
		C988272FEDA970941FBF2425 /* Release */ = {
			isa = XCBuildConfiguration;
			buildSettings = {
				BUNDLE_LOADER = "$(TEST_HOST)";
				GENERATE_INFOPLIST_FILE = YES;
				LD_RUNPATH_SEARCH_PATHS = (
					"$(inherited)",
					"@executable_path/Frameworks",
					"@loader_path/Frameworks",
				);
				PRODUCT_BUNDLE_IDENTIFIER = cn.budgetbuddy.BudgetBuddyUITests;
				SDKROOT = iphoneos;
				SWIFT_VERSION = 5.0;
				TARGETED_DEVICE_FAMILY = "1,2";
				TEST_TARGET_NAME = BudgetBuddy;
			};
			name = Release;
		};
		CFEB352970C2210C7F4D1782 /* Release */ = {
			isa = XCBuildConfiguration;
			buildSettings = {
				GENERATE_INFOPLIST_FILE = YES;
				PRODUCT_BUNDLE_IDENTIFIER = cn.budgetbuddy.BudgetBuddyWatchUITests;
				SDKROOT = watchos;
				SWIFT_VERSION = 5.0;
				TEST_TARGET_NAME = BudgetBuddyWatch;
			};
			name = Release;
		};
		DE88C08C90EA77DC3D52A640 /* Release */ = {
			isa = XCBuildConfiguration;
			buildSettings = {
				BUNDLE_LOADER = "$(TEST_HOST)";
				GENERATE_INFOPLIST_FILE = YES;
				LD_RUNPATH_SEARCH_PATHS = (
					"$(inherited)",
					"@executable_path/Frameworks",
					"@loader_path/Frameworks",
				);
				PRODUCT_BUNDLE_IDENTIFIER = cn.budgetbuddy.BudgetBuddyTests;
				SDKROOT = iphoneos;
				SWIFT_VERSION = 5.0;
				TARGETED_DEVICE_FAMILY = "1,2";
				TEST_HOST = "$(BUILT_PRODUCTS_DIR)/BudgetBuddy.app/BudgetBuddy";
			};
			name = Release;
		};
		E60D57314FC8127AC1CAD363 /* Release */ = {
			isa = XCBuildConfiguration;
			buildSettings = {
				ASSETCATALOG_COMPILER_APPICON_NAME = AppIcon;
				CODE_SIGN_STYLE = Automatic;
				CURRENT_PROJECT_VERSION = 28;
				DEVELOPMENT_TEAM = JUJB5U4698;
				INFOPLIST_FILE = WatchApp/Info.plist;
				MARKETING_VERSION = 1.6.1;
				PRODUCT_BUNDLE_IDENTIFIER = cn.budgetbuddy.BudgetBuddy.watchkitapp;
				SDKROOT = watchos;
				SKIP_INSTALL = YES;
				SWIFT_VERSION = 5.0;
				TARGETED_DEVICE_FAMILY = 4;
				WATCHOS_DEPLOYMENT_TARGET = 10.0;
			};
			name = Release;
		};
		FE939582067BC923BB8127E5 /* Release */ = {
			isa = XCBuildConfiguration;
			buildSettings = {
				ALWAYS_SEARCH_USER_PATHS = NO;
				CLANG_ANALYZER_NONNULL = YES;
				CLANG_ANALYZER_NUMBER_OBJECT_CONVERSION = YES_AGGRESSIVE;
				CLANG_CXX_LANGUAGE_STANDARD = "gnu++14";
				CLANG_CXX_LIBRARY = "libc++";
				CLANG_ENABLE_MODULES = YES;
				CLANG_ENABLE_OBJC_ARC = YES;
				CLANG_ENABLE_OBJC_WEAK = YES;
				CLANG_WARN_BLOCK_CAPTURE_AUTORELEASING = YES;
				CLANG_WARN_BOOL_CONVERSION = YES;
				CLANG_WARN_COMMA = YES;
				CLANG_WARN_CONSTANT_CONVERSION = YES;
				CLANG_WARN_DEPRECATED_OBJC_IMPLEMENTATIONS = YES;
				CLANG_WARN_DIRECT_OBJC_ISA_USAGE = YES_ERROR;
				CLANG_WARN_DOCUMENTATION_COMMENTS = YES;
				CLANG_WARN_EMPTY_BODY = YES;
				CLANG_WARN_ENUM_CONVERSION = YES;
				CLANG_WARN_INFINITE_RECURSION = YES;
				CLANG_WARN_INT_CONVERSION = YES;
				CLANG_WARN_NON_LITERAL_NULL_CONVERSION = YES;
				CLANG_WARN_OBJC_IMPLICIT_RETAIN_SELF = YES;
				CLANG_WARN_OBJC_LITERAL_CONVERSION = YES;
				CLANG_WARN_OBJC_ROOT_CLASS = YES_ERROR;
				CLANG_WARN_QUOTED_INCLUDE_IN_FRAMEWORK_HEADER = YES;
				CLANG_WARN_RANGE_LOOP_ANALYSIS = YES;
				CLANG_WARN_STRICT_PROTOTYPES = YES;
				CLANG_WARN_SUSPICIOUS_MOVE = YES;
				CLANG_WARN_UNGUARDED_AVAILABILITY = YES_AGGRESSIVE;
				CLANG_WARN_UNREACHABLE_CODE = YES;
				CLANG_WARN__DUPLICATE_METHOD_MATCH = YES;
				COPY_PHASE_STRIP = NO;
				DEBUG_INFORMATION_FORMAT = "dwarf-with-dsym";
				ENABLE_NS_ASSERTIONS = NO;
				ENABLE_STRICT_OBJC_MSGSEND = YES;
				GCC_C_LANGUAGE_STANDARD = gnu11;
				GCC_NO_COMMON_BLOCKS = YES;
				GCC_WARN_64_TO_32_BIT_CONVERSION = YES;
				GCC_WARN_ABOUT_RETURN_TYPE = YES_ERROR;
				GCC_WARN_UNDECLARED_SELECTOR = YES;
				GCC_WARN_UNINITIALIZED_AUTOS = YES_AGGRESSIVE;
				GCC_WARN_UNUSED_FUNCTION = YES;
				GCC_WARN_UNUSED_VARIABLE = YES;
				IPHONEOS_DEPLOYMENT_TARGET = 16.0;
				MTL_ENABLE_DEBUG_INFO = NO;
				MTL_FAST_MATH = YES;
				PRODUCT_NAME = "$(TARGET_NAME)";
				SWIFT_COMPILATION_MODE = wholemodule;
				SWIFT_OPTIMIZATION_LEVEL = "-O";
				SWIFT_VERSION = 5.0;
			};
			name = Release;
		};
/* End XCBuildConfiguration section */

/* Begin XCConfigurationList section */
		381EAA6F363ACEB16650F80D /* Build configuration list for PBXProject "BudgetBuddy" */ = {
			isa = XCConfigurationList;
			buildConfigurations = (
				27604B201E4F182CE22D3A19 /* Debug */,
				FE939582067BC923BB8127E5 /* Release */,
			);
			defaultConfigurationIsVisible = 0;
			defaultConfigurationName = Debug;
		};
		444E7B1543A789EC2DE248AB /* Build configuration list for PBXNativeTarget "BudgetBuddyTests" */ = {
			isa = XCConfigurationList;
			buildConfigurations = (
				C7D60542E270015D99A7FE36 /* Debug */,
				DE88C08C90EA77DC3D52A640 /* Release */,
			);
			defaultConfigurationIsVisible = 0;
			defaultConfigurationName = Debug;
		};
		6421E247AA3E24550CAE0FB4 /* Build configuration list for PBXNativeTarget "BudgetBuddyUITests" */ = {
			isa = XCConfigurationList;
			buildConfigurations = (
				82CBC894AA31CFD0A3E049D9 /* Debug */,
				C988272FEDA970941FBF2425 /* Release */,
			);
			defaultConfigurationIsVisible = 0;
			defaultConfigurationName = Debug;
		};
		D312AE38DE7C22E6EDDBE60B /* Build configuration list for PBXNativeTarget "BudgetBuddy" */ = {
			isa = XCConfigurationList;
			buildConfigurations = (
				9DF41BE522CCF61AF2B6F298 /* Debug */,
				8904627B863FCEE1C4BE2001 /* Release */,
			);
			defaultConfigurationIsVisible = 0;
			defaultConfigurationName = Debug;
		};
		E2259C28D1C54DCB7B486855 /* Build configuration list for PBXNativeTarget "BudgetBuddyWatch" */ = {
			isa = XCConfigurationList;
			buildConfigurations = (
				BE19AF1FD3F91171673AFACA /* Debug */,
				E60D57314FC8127AC1CAD363 /* Release */,
			);
			defaultConfigurationIsVisible = 0;
			defaultConfigurationName = Debug;
		};
		F79AFBA74AEB3D8DC7A7714C /* Build configuration list for PBXNativeTarget "BudgetBuddyWatchUITests" */ = {
			isa = XCConfigurationList;
			buildConfigurations = (
				7BF955CEA842D861E9E1F9A0 /* Debug */,
				CFEB352970C2210C7F4D1782 /* Release */,
			);
			defaultConfigurationIsVisible = 0;
			defaultConfigurationName = Debug;
		};
/* End XCConfigurationList section */
	};
	rootObject = 5FF655893054AC4B4A5FD3AE /* Project object */;
}
